
Microsoft Visual Studio Solution File, Format Version 12.00
# Visual Studio Version 17
VisualStudioVersion = 17.0.31903.59
MinimumVisualStudioVersion = 10.0.40219.1
Project("{2150E333-8FDC-42A3-9474-1A3956D46DE8}") = "Services", "Services", "{E41368F7-C360-4753-9938-1F5481C17DDF}"
EndProject
Project("{2150E333-8FDC-42A3-9474-1A3956D46DE8}") = "ApiGateways", "ApiGateways", "{CE12DA5C-DB71-4D53-A25F-8089E23B10A5}"
EndProject
Project("{2150E333-8FDC-42A3-9474-1A3956D46DE8}") = "Base", "Base", "{3202E01E-64F8-4B5E-BC3C-F6B35AC07E58}"
EndProject
Project("{2150E333-8FDC-42A3-9474-1A3956D46DE8}") = "Web.bff", "Web.bff", "{518FEBE6-3085-43E3-8911-13CA21B1C37C}"
EndProject
Project("{2150E333-8FDC-42A3-9474-1A3956D46DE8}") = "Student", "Student", "{101116F8-5064-4474-A172-FE2E0D563B3F}"
EndProject
Project("{2150E333-8FDC-42A3-9474-1A3956D46DE8}") = "Infrastructure", "Infrastructure", "{2119A987-578B-4E2D-AB68-BC16CF1CB1F5}"
EndProject
Project("{9A19103F-16F7-4668-BE54-9A1E7A4F7556}") = "Library.Student.API", "Services\Student\Library.Student.API\Library.Student.API.csproj", "{FC038FBA-EBAD-496E-9C12-6F8C11069CE9}"
EndProject
Project("{9A19103F-16F7-4668-BE54-9A1E7A4F7556}") = "Library.Student.Infrastructure.Data", "Services\Student\Infrastructure\Library.Student.Infrastructure.Data\Library.Student.Infrastructure.Data.csproj", "{E773E4D9-2CE8-4436-99EE-EE75744E8E1C}"
EndProject
Project("{9A19103F-16F7-4668-BE54-9A1E7A4F7556}") = "Library.Student.Domain", "Services\Student\Library.Student.Domain\Library.Student.Domain.csproj", "{FFA66860-85D4-4382-870D-7821241F2085}"
EndProject
Project("{2150E333-8FDC-42A3-9474-1A3956D46DE8}") = "Book", "Book", "{D949667C-A01E-4E9E-B9DF-016476B6C4C7}"
EndProject
Project("{2150E333-8FDC-42A3-9474-1A3956D46DE8}") = "Infrastructure", "Infrastructure", "{9816FB66-012F-42CE-8B68-1D2BB06B7E36}"
EndProject
Project("{9A19103F-16F7-4668-BE54-9A1E7A4F7556}") = "Library.Book.API", "Services\Book\Library.Book.API\Library.Book.API.csproj", "{801D6D2C-9624-4A47-95BB-C0BFA4468479}"
EndProject
Project("{9A19103F-16F7-4668-BE54-9A1E7A4F7556}") = "Library.Book.Domain", "Services\Book\Library.Book.Domain\Library.Book.Domain.csproj", "{7E96D02B-89AC-48B3-BC97-1D2748878DB8}"
EndProject
Project("{9A19103F-16F7-4668-BE54-9A1E7A4F7556}") = "Library.Book.Infrastructure.Data", "Services\Book\Infrastructure\Library.Book.Infrastructure.Data\Library.Book.Infrastructure.Data.csproj", "{8F9FDBF9-19B8-4837-B7C7-5E0F45BE8958}"
EndProject
Project("{9A19103F-16F7-4668-BE54-9A1E7A4F7556}") = "Library.ApiGateway", "ApiGateways\Base\Library.ApiGateway\Library.ApiGateway.csproj", "{E97EE658-E445-40A0-97E2-1264A79F856E}"
EndProject
Project("{2150E333-8FDC-42A3-9474-1A3956D46DE8}") = "Infra", "Infra", "{B8EDEDC9-316D-4D5F-A589-C243BFB83B61}"
EndProject
Global
	GlobalSection(SolutionConfigurationPlatforms) = preSolution
		Debug|Any CPU = Debug|Any CPU
		Release|Any CPU = Release|Any CPU
	EndGlobalSection
	GlobalSection(ProjectConfigurationPlatforms) = postSolution
		{FC038FBA-EBAD-496E-9C12-6F8C11069CE9}.Debug|Any CPU.ActiveCfg = Debug|Any CPU
		{FC038FBA-EBAD-496E-9C12-6F8C11069CE9}.Debug|Any CPU.Build.0 = Debug|Any CPU
		{FC038FBA-EBAD-496E-9C12-6F8C11069CE9}.Release|Any CPU.ActiveCfg = Release|Any CPU
		{FC038FBA-EBAD-496E-9C12-6F8C11069CE9}.Release|Any CPU.Build.0 = Release|Any CPU
		{E773E4D9-2CE8-4436-99EE-EE75744E8E1C}.Debug|Any CPU.ActiveCfg = Debug|Any CPU
		{E773E4D9-2CE8-4436-99EE-EE75744E8E1C}.Debug|Any CPU.Build.0 = Debug|Any CPU
		{E773E4D9-2CE8-4436-99EE-EE75744E8E1C}.Release|Any CPU.ActiveCfg = Release|Any CPU
		{E773E4D9-2CE8-4436-99EE-EE75744E8E1C}.Release|Any CPU.Build.0 = Release|Any CPU
		{FFA66860-85D4-4382-870D-7821241F2085}.Debug|Any CPU.ActiveCfg = Debug|Any CPU
		{FFA66860-85D4-4382-870D-7821241F2085}.Debug|Any CPU.Build.0 = Debug|Any CPU
		{FFA66860-85D4-4382-870D-7821241F2085}.Release|Any CPU.ActiveCfg = Release|Any CPU
		{FFA66860-85D4-4382-870D-7821241F2085}.Release|Any CPU.Build.0 = Release|Any CPU
		{801D6D2C-9624-4A47-95BB-C0BFA4468479}.Debug|Any CPU.ActiveCfg = Debug|Any CPU
		{801D6D2C-9624-4A47-95BB-C0BFA4468479}.Debug|Any CPU.Build.0 = Debug|Any CPU
		{801D6D2C-9624-4A47-95BB-C0BFA4468479}.Release|Any CPU.ActiveCfg = Release|Any CPU
		{801D6D2C-9624-4A47-95BB-C0BFA4468479}.Release|Any CPU.Build.0 = Release|Any CPU
		{7E96D02B-89AC-48B3-BC97-1D2748878DB8}.Debug|Any CPU.ActiveCfg = Debug|Any CPU
		{7E96D02B-89AC-48B3-BC97-1D2748878DB8}.Debug|Any CPU.Build.0 = Debug|Any CPU
		{7E96D02B-89AC-48B3-BC97-1D2748878DB8}.Release|Any CPU.ActiveCfg = Release|Any CPU
		{7E96D02B-89AC-48B3-BC97-1D2748878DB8}.Release|Any CPU.Build.0 = Release|Any CPU
		{8F9FDBF9-19B8-4837-B7C7-5E0F45BE8958}.Debug|Any CPU.ActiveCfg = Debug|Any CPU
		{8F9FDBF9-19B8-4837-B7C7-5E0F45BE8958}.Debug|Any CPU.Build.0 = Debug|Any CPU
		{8F9FDBF9-19B8-4837-B7C7-5E0F45BE8958}.Release|Any CPU.ActiveCfg = Release|Any CPU
		{8F9FDBF9-19B8-4837-B7C7-5E0F45BE8958}.Release|Any CPU.Build.0 = Release|Any CPU
		{E97EE658-E445-40A0-97E2-1264A79F856E}.Debug|Any CPU.ActiveCfg = Debug|Any CPU
		{E97EE658-E445-40A0-97E2-1264A79F856E}.Debug|Any CPU.Build.0 = Debug|Any CPU
		{E97EE658-E445-40A0-97E2-1264A79F856E}.Release|Any CPU.ActiveCfg = Release|Any CPU
		{E97EE658-E445-40A0-97E2-1264A79F856E}.Release|Any CPU.Build.0 = Release|Any CPU
	EndGlobalSection
	GlobalSection(SolutionProperties) = preSolution
		HideSolutionNode = FALSE
	EndGlobalSection
	GlobalSection(NestedProjects) = preSolution
		{3202E01E-64F8-4B5E-BC3C-F6B35AC07E58} = {CE12DA5C-DB71-4D53-A25F-8089E23B10A5}
		{518FEBE6-3085-43E3-8911-13CA21B1C37C} = {CE12DA5C-DB71-4D53-A25F-8089E23B10A5}
		{101116F8-5064-4474-A172-FE2E0D563B3F} = {E41368F7-C360-4753-9938-1F5481C17DDF}
		{2119A987-578B-4E2D-AB68-BC16CF1CB1F5} = {101116F8-5064-4474-A172-FE2E0D563B3F}
		{FC038FBA-EBAD-496E-9C12-6F8C11069CE9} = {101116F8-5064-4474-A172-FE2E0D563B3F}
		{E773E4D9-2CE8-4436-99EE-EE75744E8E1C} = {2119A987-578B-4E2D-AB68-BC16CF1CB1F5}
		{FFA66860-85D4-4382-870D-7821241F2085} = {101116F8-5064-4474-A172-FE2E0D563B3F}
		{D949667C-A01E-4E9E-B9DF-016476B6C4C7} = {E41368F7-C360-4753-9938-1F5481C17DDF}
		{9816FB66-012F-42CE-8B68-1D2BB06B7E36} = {D949667C-A01E-4E9E-B9DF-016476B6C4C7}
		{801D6D2C-9624-4A47-95BB-C0BFA4468479} = {D949667C-A01E-4E9E-B9DF-016476B6C4C7}
		{7E96D02B-89AC-48B3-BC97-1D2748878DB8} = {D949667C-A01E-4E9E-B9DF-016476B6C4C7}
		{8F9FDBF9-19B8-4837-B7C7-5E0F45BE8958} = {9816FB66-012F-42CE-8B68-1D2BB06B7E36}
		{E97EE658-E445-40A0-97E2-1264A79F856E} = {3202E01E-64F8-4B5E-BC3C-F6B35AC07E58}
	EndGlobalSection
	GlobalSection(ExtensibilityGlobals) = postSolution
		SolutionGuid = {1E617E0D-CFA5-4FC3-82F4-C5D2E08EBFEC}
	EndGlobalSection
EndGlobal
